// !$*UTF8*$!
{
	archiveVersion = 1;
	classes = {
	};
	objectVersion = 56;
	objects = {

/* Begin PBXBuildFile section */
		14F0C8782A30FB7100B075F3 /* AppDelegate.swift in Sources */ = {isa = PBXBuildFile; fileRef = 14F0C8772A30FB7100B075F3 /* AppDelegate.swift */; };
		14F0C87A2A30FB7100B075F3 /* SceneDelegate.swift in Sources */ = {isa = PBXBuildFile; fileRef = 14F0C8792A30FB7100B075F3 /* SceneDelegate.swift */; };
		14F0C87F2A30FB7100B075F3 /* Main.storyboard in Resources */ = {isa = PBXBuildFile; fileRef = 14F0C87D2A30FB7100B075F3 /* Main.storyboard */; };
		14F0C8812A30FB7300B075F3 /* Assets.xcassets in Resources */ = {isa = PBXBuildFile; fileRef = 14F0C8802A30FB7300B075F3 /* Assets.xcassets */; };
		14F0C8842A30FB7300B075F3 /* LaunchScreen.storyboard in Resources */ = {isa = PBXBuildFile; fileRef = 14F0C8822A30FB7300B075F3 /* LaunchScreen.storyboard */; };
		14F0C8912A310E6F00B075F3 /* Device.swift in Sources */ = {isa = PBXBuildFile; fileRef = 14F0C8902A310E6F00B075F3 /* Device.swift */; };
		14F0C8932A310F4F00B075F3 /* DeviceController.swift in Sources */ = {isa = PBXBuildFile; fileRef = 14F0C8922A310F4F00B075F3 /* DeviceController.swift */; };
		14F0C8962A3111CA00B075F3 /* DevicesTableViewController.swift in Sources */ = {isa = PBXBuildFile; fileRef = 14F0C8952A3111CA00B075F3 /* DevicesTableViewController.swift */; };
		14F0C8982A31130C00B075F3 /* DeviceTableViewCell.swift in Sources */ = {isa = PBXBuildFile; fileRef = 14F0C8972A31130C00B075F3 /* DeviceTableViewCell.swift */; };
		14F0C89E2A32555200B075F3 /* ToggleAllViewController.swift in Sources */ = {isa = PBXBuildFile; fileRef = 14F0C89D2A32555200B075F3 /* ToggleAllViewController.swift */; };
		14F0C8A02A32562E00B075F3 /* Constants.swift in Sources */ = {isa = PBXBuildFile; fileRef = 14F0C89F2A32562E00B075F3 /* Constants.swift */; };
/* End PBXBuildFile section */

/* Begin PBXFileReference section */
		14F0C8742A30FB7100B075F3 /* SmartHome.app */ = {isa = PBXFileReference; explicitFileType = wrapper.application; includeInIndex = 0; path = SmartHome.app; sourceTree = BUILT_PRODUCTS_DIR; };
		14F0C8772A30FB7100B075F3 /* AppDelegate.swift */ = {isa = PBXFileReference; lastKnownFileType = sourcecode.swift; path = AppDelegate.swift; sourceTree = "<group>"; };
		14F0C8792A30FB7100B075F3 /* SceneDelegate.swift */ = {isa = PBXFileReference; lastKnownFileType = sourcecode.swift; path = SceneDelegate.swift; sourceTree = "<group>"; };
		14F0C87E2A30FB7100B075F3 /* Base */ = {isa = PBXFileReference; lastKnownFileType = file.storyboard; name = Base; path = Base.lproj/Main.storyboard; sourceTree = "<group>"; };
		14F0C8802A30FB7300B075F3 /* Assets.xcassets */ = {isa = PBXFileReference; lastKnownFileType = folder.assetcatalog; path = Assets.xcassets; sourceTree = "<group>"; };
		14F0C8832A30FB7300B075F3 /* Base */ = {isa = PBXFileReference; lastKnownFileType = file.storyboard; name = Base; path = Base.lproj/LaunchScreen.storyboard; sourceTree = "<group>"; };
		14F0C8852A30FB7300B075F3 /* Info.plist */ = {isa = PBXFileReference; lastKnownFileType = text.plist.xml; path = Info.plist; sourceTree = "<group>"; };
		14F0C8902A310E6F00B075F3 /* Device.swift */ = {isa = PBXFileReference; lastKnownFileType = sourcecode.swift; path = Device.swift; sourceTree = "<group>"; };
		14F0C8922A310F4F00B075F3 /* DeviceController.swift */ = {isa = PBXFileReference; lastKnownFileType = sourcecode.swift; path = DeviceController.swift; sourceTree = "<group>"; };
		14F0C8952A3111CA00B075F3 /* DevicesTableViewController.swift */ = {isa = PBXFileReference; lastKnownFileType = sourcecode.swift; path = DevicesTableViewController.swift; sourceTree = "<group>"; };
		14F0C8972A31130C00B075F3 /* DeviceTableViewCell.swift */ = {isa = PBXFileReference; lastKnownFileType = sourcecode.swift; path = DeviceTableViewCell.swift; sourceTree = "<group>"; };
		14F0C89D2A32555200B075F3 /* ToggleAllViewController.swift */ = {isa = PBXFileReference; lastKnownFileType = sourcecode.swift; path = ToggleAllViewController.swift; sourceTree = "<group>"; };
		14F0C89F2A32562E00B075F3 /* Constants.swift */ = {isa = PBXFileReference; lastKnownFileType = sourcecode.swift; path = Constants.swift; sourceTree = "<group>"; };
/* End PBXFileReference section */

/* Begin PBXFrameworksBuildPhase section */
		14F0C8712A30FB7100B075F3 /* Frameworks */ = {
			isa = PBXFrameworksBuildPhase;
			buildActionMask = 2147483647;
			files = (
			);
			runOnlyForDeploymentPostprocessing = 0;
		};
/* End PBXFrameworksBuildPhase section */

/* Begin PBXGroup section */
		14F0C86B2A30FB7100B075F3 = {
			isa = PBXGroup;
			children = (
				14F0C8762A30FB7100B075F3 /* SmartHome */,
				14F0C8752A30FB7100B075F3 /* Products */,
			);
			sourceTree = "<group>";
		};
		14F0C8752A30FB7100B075F3 /* Products */ = {
			isa = PBXGroup;
			children = (
				14F0C8742A30FB7100B075F3 /* SmartHome.app */,
			);
			name = Products;
			sourceTree = "<group>";
		};
		14F0C8762A30FB7100B075F3 /* SmartHome */ = {
			isa = PBXGroup;
			children = (
				14F0C88B2A310CB900B075F3 /* New Group */,
				14F0C8772A30FB7100B075F3 /* AppDelegate.swift */,
				14F0C8792A30FB7100B075F3 /* SceneDelegate.swift */,
				14F0C8802A30FB7300B075F3 /* Assets.xcassets */,
				14F0C8852A30FB7300B075F3 /* Info.plist */,
			);
			path = SmartHome;
			sourceTree = "<group>";
		};
		14F0C88B2A310CB900B075F3 /* New Group */ = {
			isa = PBXGroup;
			children = (
				14F0C8942A3111B300B075F3 /* ViewControllers */,
				14F0C88F2A310E5100B075F3 /* Storyboard */,
				14F0C88E2A310E4600B075F3 /* Models */,
				14F0C88C2A310DD300B075F3 /* SupportingFiles */,
			);
			path = "New Group";
			sourceTree = "<group>";
		};
		14F0C88C2A310DD300B075F3 /* SupportingFiles */ = {
			isa = PBXGroup;
			children = (
				14F0C89F2A32562E00B075F3 /* Constants.swift */,
			);
			path = SupportingFiles;
			sourceTree = "<group>";
		};
		14F0C88D2A310E3B00B075F3 /* Controllers */ = {
			isa = PBXGroup;
			children = (
				14F0C8922A310F4F00B075F3 /* DeviceController.swift */,
			);
			path = Controllers;
			sourceTree = "<group>";
		};
		14F0C88E2A310E4600B075F3 /* Models */ = {
			isa = PBXGroup;
			children = (
				14F0C8902A310E6F00B075F3 /* Device.swift */,
			);
			path = Models;
			sourceTree = "<group>";
		};
		14F0C88F2A310E5100B075F3 /* Storyboard */ = {
			isa = PBXGroup;
			children = (
				14F0C87D2A30FB7100B075F3 /* Main.storyboard */,
				14F0C8822A30FB7300B075F3 /* LaunchScreen.storyboard */,
			);
			path = Storyboard;
			sourceTree = "<group>";
		};
		14F0C8942A3111B300B075F3 /* ViewControllers */ = {
			isa = PBXGroup;
			children = (
				14F0C8952A3111CA00B075F3 /* DevicesTableViewController.swift */,
				14F0C8972A31130C00B075F3 /* DeviceTableViewCell.swift */,
				14F0C89D2A32555200B075F3 /* ToggleAllViewController.swift */,
				14F0C88D2A310E3B00B075F3 /* Controllers */,
			);
			path = ViewControllers;
			sourceTree = "<group>";
		};
/* End PBXGroup section */

/* Begin PBXNativeTarget section */
		14F0C8732A30FB7100B075F3 /* SmartHome */ = {
			isa = PBXNativeTarget;
			buildConfigurationList = 14F0C8882A30FB7300B075F3 /* Build configuration list for PBXNativeTarget "SmartHome" */;
			buildPhases = (
				14F0C8702A30FB7100B075F3 /* Sources */,
				14F0C8712A30FB7100B075F3 /* Frameworks */,
				14F0C8722A30FB7100B075F3 /* Resources */,
			);
			buildRules = (
			);
			dependencies = (
			);
			name = SmartHome;
			productName = SmartHome;
			productReference = 14F0C8742A30FB7100B075F3 /* SmartHome.app */;
			productType = "com.apple.product-type.application";
		};
/* End PBXNativeTarget section */

/* Begin PBXProject section */
		14F0C86C2A30FB7100B075F3 /* Project object */ = {
			isa = PBXProject;
			attributes = {
				BuildIndependentTargetsInParallel = 1;
				LastSwiftUpdateCheck = 1420;
				LastUpgradeCheck = 1420;
				TargetAttributes = {
					14F0C8732A30FB7100B075F3 = {
						CreatedOnToolsVersion = 14.2;
					};
				};
			};
			buildConfigurationList = 14F0C86F2A30FB7100B075F3 /* Build configuration list for PBXProject "SmartHome" */;
			compatibilityVersion = "Xcode 14.0";
			developmentRegion = en;
			hasScannedForEncodings = 0;
			knownRegions = (
				en,
				Base,
			);
			mainGroup = 14F0C86B2A30FB7100B075F3;
			productRefGroup = 14F0C8752A30FB7100B075F3 /* Products */;
			projectDirPath = "";
			projectRoot = "";
			targets = (
				14F0C8732A30FB7100B075F3 /* SmartHome */,
			);
		};
/* End PBXProject section */

/* Begin PBXResourcesBuildPhase section */
		14F0C8722A30FB7100B075F3 /* Resources */ = {
			isa = PBXResourcesBuildPhase;
			buildActionMask = 2147483647;
			files = (
				14F0C8842A30FB7300B075F3 /* LaunchScreen.storyboard in Resources */,
				14F0C8812A30FB7300B075F3 /* Assets.xcassets in Resources */,
				14F0C87F2A30FB7100B075F3 /* Main.storyboard in Resources */,
			);
			runOnlyForDeploymentPostprocessing = 0;
		};
/* End PBXResourcesBuildPhase section */

/* Begin PBXSourcesBuildPhase section */
		14F0C8702A30FB7100B075F3 /* Sources */ = {
			isa = PBXSourcesBuildPhase;
			buildActionMask = 2147483647;
			files = (
				14F0C8912A310E6F00B075F3 /* Device.swift in Sources */,
				14F0C89E2A32555200B075F3 /* ToggleAllViewController.swift in Sources */,
				14F0C8982A31130C00B075F3 /* DeviceTableViewCell.swift in Sources */,
				14F0C8932A310F4F00B075F3 /* DeviceController.swift in Sources */,
				14F0C8962A3111CA00B075F3 /* DevicesTableViewController.swift in Sources */,
				14F0C8782A30FB7100B075F3 /* AppDelegate.swift in Sources */,
				14F0C87A2A30FB7100B075F3 /* SceneDelegate.swift in Sources */,
				14F0C8A02A32562E00B075F3 /* Constants.swift in Sources */,
			);
			runOnlyForDeploymentPostprocessing = 0;
		};
/* End PBXSourcesBuildPhase section */

/* Begin PBXVariantGroup section */
		14F0C87D2A30FB7100B075F3 /* Main.storyboard */ = {
			isa = PBXVariantGroup;
			children = (
				14F0C87E2A30FB7100B075F3 /* Base */,
			);
			name = Main.storyboard;
			sourceTree = "<group>";
		};
		14F0C8822A30FB7300B075F3 /* LaunchScreen.storyboard */ = {
			isa = PBXVariantGroup;
			children = (
				14F0C8832A30FB7300B075F3 /* Base */,
			);
			name = LaunchScreen.storyboard;
			sourceTree = "<group>";
		};
/* End PBXVariantGroup section */

/* Begin XCBuildConfiguration section */
		14F0C8862A30FB7300B075F3 /* Debug */ = {
			isa = XCBuildConfiguration;
			buildSettings = {
				ALWAYS_SEARCH_USER_PATHS = NO;
				CLANG_ANALYZER_NONNULL = YES;
				CLANG_ANALYZER_NUMBER_OBJECT_CONVERSION = YES_AGGRESSIVE;
				CLANG_CXX_LANGUAGE_STANDARD = "gnu++20";
				CLANG_ENABLE_MODULES = YES;
				CLANG_ENABLE_OBJC_ARC = YES;
				CLANG_ENABLE_OBJC_WEAK = YES;
				CLANG_WARN_BLOCK_CAPTURE_AUTORELEASING = YES;
				CLANG_WARN_BOOL_CONVERSION = YES;
				CLANG_WARN_COMMA = YES;
				CLANG_WARN_CONSTANT_CONVERSION = YES;
				CLANG_WARN_DEPRECATED_OBJC_IMPLEMENTATIONS = YES;
				CLANG_WARN_DIRECT_OBJC_ISA_USAGE = YES_ERROR;
				CLANG_WARN_DOCUMENTATION_COMMENTS = YES;
				CLANG_WARN_EMPTY_BODY = YES;
				CLANG_WARN_ENUM_CONVERSION = YES;
				CLANG_WARN_INFINITE_RECURSION = YES;
				CLANG_WARN_INT_CONVERSION = YES;
				CLANG_WARN_NON_LITERAL_NULL_CONVERSION = YES;
				CLANG_WARN_OBJC_IMPLICIT_RETAIN_SELF = YES;
				CLANG_WARN_OBJC_LITERAL_CONVERSION = YES;
				CLANG_WARN_OBJC_ROOT_CLASS = YES_ERROR;
				CLANG_WARN_QUOTED_INCLUDE_IN_FRAMEWORK_HEADER = YES;
				CLANG_WARN_RANGE_LOOP_ANALYSIS = YES;
				CLANG_WARN_STRICT_PROTOTYPES = YES;
				CLANG_WARN_SUSPICIOUS_MOVE = YES;
				CLANG_WARN_UNGUARDED_AVAILABILITY = YES_AGGRESSIVE;
				CLANG_WARN_UNREACHABLE_CODE = YES;
				CLANG_WARN__DUPLICATE_METHOD_MATCH = YES;
				COPY_PHASE_STRIP = NO;
				DEBUG_INFORMATION_FORMAT = dwarf;
				ENABLE_STRICT_OBJC_MSGSEND = YES;
				ENABLE_TESTABILITY = YES;
				GCC_C_LANGUAGE_STANDARD = gnu11;
				GCC_DYNAMIC_NO_PIC = NO;
				GCC_NO_COMMON_BLOCKS = YES;
				GCC_OPTIMIZATION_LEVEL = 0;
				GCC_PREPROCESSOR_DEFINITIONS = (
					"DEBUG=1",
					"$(inherited)",
				);
				GCC_WARN_64_TO_32_BIT_CONVERSION = YES;
				GCC_WARN_ABOUT_RETURN_TYPE = YES_ERROR;
				GCC_WARN_UNDECLARED_SELECTOR = YES;
				GCC_WARN_UNINITIALIZED_AUTOS = YES_AGGRESSIVE;
				GCC_WARN_UNUSED_FUNCTION = YES;
				GCC_WARN_UNUSED_VARIABLE = YES;
				IPHONEOS_DEPLOYMENT_TARGET = 16.2;
				MTL_ENABLE_DEBUG_INFO = INCLUDE_SOURCE;
				MTL_FAST_MATH = YES;
				ONLY_ACTIVE_ARCH = YES;
				SDKROOT = iphoneos;
				SWIFT_ACTIVE_COMPILATION_CONDITIONS = DEBUG;
				SWIFT_OPTIMIZATION_LEVEL = "-Onone";
			};
			name = Debug;
		};
		14F0C8872A30FB7300B075F3 /* Release */ = {
			isa = XCBuildConfiguration;
			buildSettings = {
				ALWAYS_SEARCH_USER_PATHS = NO;
				CLANG_ANALYZER_NONNULL = YES;
				CLANG_ANALYZER_NUMBER_OBJECT_CONVERSION = YES_AGGRESSIVE;
				CLANG_CXX_LANGUAGE_STANDARD = "gnu++20";
				CLANG_ENABLE_MODULES = YES;
				CLANG_ENABLE_OBJC_ARC = YES;
				CLANG_ENABLE_OBJC_WEAK = YES;
				CLANG_WARN_BLOCK_CAPTURE_AUTORELEASING = YES;
				CLANG_WARN_BOOL_CONVERSION = YES;
				CLANG_WARN_COMMA = YES;
				CLANG_WARN_CONSTANT_CONVERSION = YES;
				CLANG_WARN_DEPRECATED_OBJC_IMPLEMENTATIONS = YES;
				CLANG_WARN_DIRECT_OBJC_ISA_USAGE = YES_ERROR;
				CLANG_WARN_DOCUMENTATION_COMMENTS = YES;
				CLANG_WARN_EMPTY_BODY = YES;
				CLANG_WARN_ENUM_CONVERSION = YES;
				CLANG_WARN_INFINITE_RECURSION = YES;
				CLANG_WARN_INT_CONVERSION = YES;
				CLANG_WARN_NON_LITERAL_NULL_CONVERSION = YES;
				CLANG_WARN_OBJC_IMPLICIT_RETAIN_SELF = YES;
				CLANG_WARN_OBJC_LITERAL_CONVERSION = YES;
				CLANG_WARN_OBJC_ROOT_CLASS = YES_ERROR;
				CLANG_WARN_QUOTED_INCLUDE_IN_FRAMEWORK_HEADER = YES;
				CLANG_WARN_RANGE_LOOP_ANALYSIS = YES;
				CLANG_WARN_STRICT_PROTOTYPES = YES;
				CLANG_WARN_SUSPICIOUS_MOVE = YES;
				CLANG_WARN_UNGUARDED_AVAILABILITY = YES_AGGRESSIVE;
				CLANG_WARN_UNREACHABLE_CODE = YES;
				CLANG_WARN__DUPLICATE_METHOD_MATCH = YES;
				COPY_PHASE_STRIP = NO;
				DEBUG_INFORMATION_FORMAT = "dwarf-with-dsym";
				ENABLE_NS_ASSERTIONS = NO;
				ENABLE_STRICT_OBJC_MSGSEND = YES;
				GCC_C_LANGUAGE_STANDARD = gnu11;
				GCC_NO_COMMON_BLOCKS = YES;
				GCC_WARN_64_TO_32_BIT_CONVERSION = YES;
				GCC_WARN_ABOUT_RETURN_TYPE = YES_ERROR;
				GCC_WARN_UNDECLARED_SELECTOR = YES;
				GCC_WARN_UNINITIALIZED_AUTOS = YES_AGGRESSIVE;
				GCC_WARN_UNUSED_FUNCTION = YES;
				GCC_WARN_UNUSED_VARIABLE = YES;
				IPHONEOS_DEPLOYMENT_TARGET = 16.2;
				MTL_ENABLE_DEBUG_INFO = NO;
				MTL_FAST_MATH = YES;
				SDKROOT = iphoneos;
				SWIFT_COMPILATION_MODE = wholemodule;
				SWIFT_OPTIMIZATION_LEVEL = "-O";
				VALIDATE_PRODUCT = YES;
			};
			name = Release;
		};
		14F0C8892A30FB7300B075F3 /* Debug */ = {
			isa = XCBuildConfiguration;
			buildSettings = {
				ASSETCATALOG_COMPILER_APPICON_NAME = AppIcon;
				ASSETCATALOG_COMPILER_GLOBAL_ACCENT_COLOR_NAME = AccentColor;
				CODE_SIGN_STYLE = Automatic;
				CURRENT_PROJECT_VERSION = 1;
				GENERATE_INFOPLIST_FILE = YES;
				INFOPLIST_FILE = SmartHome/Info.plist;
				INFOPLIST_KEY_UIApplicationSupportsIndirectInputEvents = YES;
				INFOPLIST_KEY_UILaunchStoryboardName = LaunchScreen;
				INFOPLIST_KEY_UIMainStoryboardFile = Main;
				INFOPLIST_KEY_UISupportedInterfaceOrientations_iPad = "UIInterfaceOrientationPortrait UIInterfaceOrientationPortraitUpsideDown UIInterfaceOrientationLandscapeLeft UIInterfaceOrientationLandscapeRight";
				INFOPLIST_KEY_UISupportedInterfaceOrientations_iPhone = "UIInterfaceOrientationPortrait UIInterfaceOrientationLandscapeLeft UIInterfaceOrientationLandscapeRight";
				LD_RUNPATH_SEARCH_PATHS = (
					"$(inherited)",
					"@executable_path/Frameworks",
				);
				MARKETING_VERSION = 1.0;
				PRODUCT_BUNDLE_IDENTIFIER = SmilezFreely.SmartHome;
				PRODUCT_NAME = "$(TARGET_NAME)";
				SWIFT_EMIT_LOC_STRINGS = YES;
				SWIFT_VERSION = 5.0;
				TARGETED_DEVICE_FAMILY = "1,2";
			};
			name = Debug;
		};
		14F0C88A2A30FB7300B075F3 /* Release */ = {
			isa = XCBuildConfiguration;
			buildSettings = {
				ASSETCATALOG_COMPILER_APPICON_NAME = AppIcon;
				ASSETCATALOG_COMPILER_GLOBAL_ACCENT_COLOR_NAME = AccentColor;
				CODE_SIGN_STYLE = Automatic;
				CURRENT_PROJECT_VERSION = 1;
				GENERATE_INFOPLIST_FILE = YES;
				INFOPLIST_FILE = SmartHome/Info.plist;
				INFOPLIST_KEY_UIApplicationSupportsIndirectInputEvents = YES;
				INFOPLIST_KEY_UILaunchStoryboardName = LaunchScreen;
				INFOPLIST_KEY_UIMainStoryboardFile = Main;
				INFOPLIST_KEY_UISupportedInterfaceOrientations_iPad = "UIInterfaceOrientationPortrait UIInterfaceOrientationPortraitUpsideDown UIInterfaceOrientationLandscapeLeft UIInterfaceOrientationLandscapeRight";
				INFOPLIST_KEY_UISupportedInterfaceOrientations_iPhone = "UIInterfaceOrientationPortrait UIInterfaceOrientationLandscapeLeft UIInterfaceOrientationLandscapeRight";
				LD_RUNPATH_SEARCH_PATHS = (
					"$(inherited)",
					"@executable_path/Frameworks",
				);
				MARKETING_VERSION = 1.0;
				PRODUCT_BUNDLE_IDENTIFIER = SmilezFreely.SmartHome;
				PRODUCT_NAME = "$(TARGET_NAME)";
				SWIFT_EMIT_LOC_STRINGS = YES;
				SWIFT_VERSION = 5.0;
				TARGETED_DEVICE_FAMILY = "1,2";
			};
			name = Release;
		};
/* End XCBuildConfiguration section */

/* Begin XCConfigurationList section */
		14F0C86F2A30FB7100B075F3 /* Build configuration list for PBXProject "SmartHome" */ = {
			isa = XCConfigurationList;
			buildConfigurations = (
				14F0C8862A30FB7300B075F3 /* Debug */,
				14F0C8872A30FB7300B075F3 /* Release */,
			);
			defaultConfigurationIsVisible = 0;
			defaultConfigurationName = Release;
		};
		14F0C8882A30FB7300B075F3 /* Build configuration list for PBXNativeTarget "SmartHome" */ = {
			isa = XCConfigurationList;
			buildConfigurations = (
				14F0C8892A30FB7300B075F3 /* Debug */,
				14F0C88A2A30FB7300B075F3 /* Release */,
			);
			defaultConfigurationIsVisible = 0;
			defaultConfigurationName = Release;
		};
/* End XCConfigurationList section */
	};
	rootObject = 14F0C86C2A30FB7100B075F3 /* Project object */;
}
